
Microsoft Visual Studio Solution File, Format Version 12.00
# Visual Studio Version 17
VisualStudioVersion = 17.10.35013.160
MinimumVisualStudioVersion = 10.0.40219.1
Project("{2150E333-8FDC-42A3-9474-1A3956D46DE8}") = "src", "src", "{05311923-DF9D-484D-B4ED-8004DB1ED85F}"
EndProject
Project("{2150E333-8FDC-42A3-9474-1A3956D46DE8}") = "tests", "tests", "{F3455626-0072-446F-9D2D-3580C453958D}"
EndProject
Project("{2150E333-8FDC-42A3-9474-1A3956D46DE8}") = "API", "API", "{DC61390A-4F3A-4CB1-8408-11090706718B}"
EndProject
Project("{2150E333-8FDC-42A3-9474-1A3956D46DE8}") = "Core", "Core", "{9549D605-1135-4B19-BE2D-038E8CB34DD2}"
EndProject
Project("{2150E333-8FDC-42A3-9474-1A3956D46DE8}") = "Infrastructure", "Infrastructure", "{993C4E46-2DF2-4831-A6C9-B10E84F5F3A4}"
EndProject
Project("{2150E333-8FDC-42A3-9474-1A3956D46DE8}") = "UI", "UI", "{C65A267B-6BDE-4011-AEEC-4FFCBAD4CCBF}"
EndProject
Project("{FAE04EC0-301F-11D3-BF4B-00C04F79EFBC}") = "AbcHR.Application", "AbcHR.Application\AbcHR.Application.csproj", "{B8C28F17-D6C9-4B9C-9237-BF0BDFC45313}"
EndProject
Project("{FAE04EC0-301F-11D3-BF4B-00C04F79EFBC}") = "AbcHR.Domain", "AbcHR.Domain\AbcHR.Domain.csproj", "{D83447FD-897C-4211-A853-175EB951C2B0}"
EndProject
Project("{FAE04EC0-301F-11D3-BF4B-00C04F79EFBC}") = "AbcHR.Identity", "AbcHR.Identity\AbcHR.Identity.csproj", "{13303814-4DD3-4151-809A-F6D9829DD15E}"
EndProject
Project("{FAE04EC0-301F-11D3-BF4B-00C04F79EFBC}") = "AbcHR.Infrastructure", "AbcHR.Infrastructure\AbcHR.Infrastructure.csproj", "{03DB0F22-20EE-4C10-9555-E8620DAFC5F6}"
EndProject
Project("{FAE04EC0-301F-11D3-BF4B-00C04F79EFBC}") = "AbcHR.Persistence", "AbcHR.Persistence\AbcHR.Persistence.csproj", "{BAE2D4BE-9A95-433E-96FD-8B5964E06DA1}"
EndProject
Project("{FAE04EC0-301F-11D3-BF4B-00C04F79EFBC}") = "AbcHR.Application.UnitTests", "AbcHR.Application.UnitTests\AbcHR.Application.UnitTests.csproj", "{1811A8A1-18C4-4DE1-A72D-D4E8E65EE6A2}"
EndProject
Project("{FAE04EC0-301F-11D3-BF4B-00C04F79EFBC}") = "AbcHR.Persistence.IntegrationTests", "AbcHR.Persistence.IntegrationTests\AbcHR.Persistence.IntegrationTests.csproj", "{EC14B614-705D-4D90-AA08-64353FB5DAD7}"
EndProject
Project("{FAE04EC0-301F-11D3-BF4B-00C04F79EFBC}") = "AbcHR.Api", "AbcHR.Api\AbcHR.Api.csproj", "{ADEF4CFE-FA7D-45D0-A1C6-396DC30B82A1}"
EndProject
Global
	GlobalSection(SolutionConfigurationPlatforms) = preSolution
		Debug|Any CPU = Debug|Any CPU
		Release|Any CPU = Release|Any CPU
	EndGlobalSection
	GlobalSection(ProjectConfigurationPlatforms) = postSolution
		{B8C28F17-D6C9-4B9C-9237-BF0BDFC45313}.Debug|Any CPU.ActiveCfg = Debug|Any CPU
		{B8C28F17-D6C9-4B9C-9237-BF0BDFC45313}.Debug|Any CPU.Build.0 = Debug|Any CPU
		{B8C28F17-D6C9-4B9C-9237-BF0BDFC45313}.Release|Any CPU.ActiveCfg = Release|Any CPU
		{B8C28F17-D6C9-4B9C-9237-BF0BDFC45313}.Release|Any CPU.Build.0 = Release|Any CPU
		{D83447FD-897C-4211-A853-175EB951C2B0}.Debug|Any CPU.ActiveCfg = Debug|Any CPU
		{D83447FD-897C-4211-A853-175EB951C2B0}.Debug|Any CPU.Build.0 = Debug|Any CPU
		{D83447FD-897C-4211-A853-175EB951C2B0}.Release|Any CPU.ActiveCfg = Release|Any CPU
		{D83447FD-897C-4211-A853-175EB951C2B0}.Release|Any CPU.Build.0 = Release|Any CPU
		{13303814-4DD3-4151-809A-F6D9829DD15E}.Debug|Any CPU.ActiveCfg = Debug|Any CPU
		{13303814-4DD3-4151-809A-F6D9829DD15E}.Debug|Any CPU.Build.0 = Debug|Any CPU
		{13303814-4DD3-4151-809A-F6D9829DD15E}.Release|Any CPU.ActiveCfg = Release|Any CPU
		{13303814-4DD3-4151-809A-F6D9829DD15E}.Release|Any CPU.Build.0 = Release|Any CPU
		{03DB0F22-20EE-4C10-9555-E8620DAFC5F6}.Debug|Any CPU.ActiveCfg = Debug|Any CPU
		{03DB0F22-20EE-4C10-9555-E8620DAFC5F6}.Debug|Any CPU.Build.0 = Debug|Any CPU
		{03DB0F22-20EE-4C10-9555-E8620DAFC5F6}.Release|Any CPU.ActiveCfg = Release|Any CPU
		{03DB0F22-20EE-4C10-9555-E8620DAFC5F6}.Release|Any CPU.Build.0 = Release|Any CPU
		{BAE2D4BE-9A95-433E-96FD-8B5964E06DA1}.Debug|Any CPU.ActiveCfg = Debug|Any CPU
		{BAE2D4BE-9A95-433E-96FD-8B5964E06DA1}.Debug|Any CPU.Build.0 = Debug|Any CPU
		{BAE2D4BE-9A95-433E-96FD-8B5964E06DA1}.Release|Any CPU.ActiveCfg = Release|Any CPU
		{BAE2D4BE-9A95-433E-96FD-8B5964E06DA1}.Release|Any CPU.Build.0 = Release|Any CPU
		{1811A8A1-18C4-4DE1-A72D-D4E8E65EE6A2}.Debug|Any CPU.ActiveCfg = Debug|Any CPU
		{1811A8A1-18C4-4DE1-A72D-D4E8E65EE6A2}.Debug|Any CPU.Build.0 = Debug|Any CPU
		{1811A8A1-18C4-4DE1-A72D-D4E8E65EE6A2}.Release|Any CPU.ActiveCfg = Release|Any CPU
		{1811A8A1-18C4-4DE1-A72D-D4E8E65EE6A2}.Release|Any CPU.Build.0 = Release|Any CPU
		{EC14B614-705D-4D90-AA08-64353FB5DAD7}.Debug|Any CPU.ActiveCfg = Debug|Any CPU
		{EC14B614-705D-4D90-AA08-64353FB5DAD7}.Debug|Any CPU.Build.0 = Debug|Any CPU
		{EC14B614-705D-4D90-AA08-64353FB5DAD7}.Release|Any CPU.ActiveCfg = Release|Any CPU
		{EC14B614-705D-4D90-AA08-64353FB5DAD7}.Release|Any CPU.Build.0 = Release|Any CPU
		{ADEF4CFE-FA7D-45D0-A1C6-396DC30B82A1}.Debug|Any CPU.ActiveCfg = Debug|Any CPU
		{ADEF4CFE-FA7D-45D0-A1C6-396DC30B82A1}.Debug|Any CPU.Build.0 = Debug|Any CPU
		{ADEF4CFE-FA7D-45D0-A1C6-396DC30B82A1}.Release|Any CPU.ActiveCfg = Release|Any CPU
		{ADEF4CFE-FA7D-45D0-A1C6-396DC30B82A1}.Release|Any CPU.Build.0 = Release|Any CPU
	EndGlobalSection
	GlobalSection(SolutionProperties) = preSolution
		HideSolutionNode = FALSE
	EndGlobalSection
	GlobalSection(NestedProjects) = preSolution
		{DC61390A-4F3A-4CB1-8408-11090706718B} = {05311923-DF9D-484D-B4ED-8004DB1ED85F}
		{9549D605-1135-4B19-BE2D-038E8CB34DD2} = {05311923-DF9D-484D-B4ED-8004DB1ED85F}
		{993C4E46-2DF2-4831-A6C9-B10E84F5F3A4} = {05311923-DF9D-484D-B4ED-8004DB1ED85F}
		{C65A267B-6BDE-4011-AEEC-4FFCBAD4CCBF} = {05311923-DF9D-484D-B4ED-8004DB1ED85F}
		{B8C28F17-D6C9-4B9C-9237-BF0BDFC45313} = {9549D605-1135-4B19-BE2D-038E8CB34DD2}
		{D83447FD-897C-4211-A853-175EB951C2B0} = {9549D605-1135-4B19-BE2D-038E8CB34DD2}
		{13303814-4DD3-4151-809A-F6D9829DD15E} = {993C4E46-2DF2-4831-A6C9-B10E84F5F3A4}
		{03DB0F22-20EE-4C10-9555-E8620DAFC5F6} = {993C4E46-2DF2-4831-A6C9-B10E84F5F3A4}
		{BAE2D4BE-9A95-433E-96FD-8B5964E06DA1} = {993C4E46-2DF2-4831-A6C9-B10E84F5F3A4}
		{1811A8A1-18C4-4DE1-A72D-D4E8E65EE6A2} = {F3455626-0072-446F-9D2D-3580C453958D}
		{EC14B614-705D-4D90-AA08-64353FB5DAD7} = {F3455626-0072-446F-9D2D-3580C453958D}
		{ADEF4CFE-FA7D-45D0-A1C6-396DC30B82A1} = {DC61390A-4F3A-4CB1-8408-11090706718B}
	EndGlobalSection
	GlobalSection(ExtensibilityGlobals) = postSolution
		SolutionGuid = {CD209713-79C1-4392-A775-43D8533F8240}
	EndGlobalSection
EndGlobal
